// !$*UTF8*$!
{
	archiveVersion = 1;
	classes = {
	};
	objectVersion = 56;
	objects = {

/* Begin PBXBuildFile section */
		75B3AFAC2AF92D7300A86E48 /* AppDelegate.swift in Sources */ = {isa = PBXBuildFile; fileRef = 75B3AFAB2AF92D7300A86E48 /* AppDelegate.swift */; };
		75B3AFAE2AF92D7300A86E48 /* SceneDelegate.swift in Sources */ = {isa = PBXBuildFile; fileRef = 75B3AFAD2AF92D7300A86E48 /* SceneDelegate.swift */; };
		75B3AFB02AF92D7300A86E48 /* ViewController.swift in Sources */ = {isa = PBXBuildFile; fileRef = 75B3AFAF2AF92D7300A86E48 /* ViewController.swift */; };
		75B3AFB32AF92D7300A86E48 /* Main.storyboard in Resources */ = {isa = PBXBuildFile; fileRef = 75B3AFB12AF92D7300A86E48 /* Main.storyboard */; };
		75B3AFB52AF92D7400A86E48 /* Assets.xcassets in Resources */ = {isa = PBXBuildFile; fileRef = 75B3AFB42AF92D7400A86E48 /* Assets.xcassets */; };
		75B3AFB82AF92D7400A86E48 /* LaunchScreen.storyboard in Resources */ = {isa = PBXBuildFile; fileRef = 75B3AFB62AF92D7400A86E48 /* LaunchScreen.storyboard */; };
		75B3AFC32AF92D7400A86E48 /* RSimpleSPMAPPTests.swift in Sources */ = {isa = PBXBuildFile; fileRef = 75B3AFC22AF92D7400A86E48 /* RSimpleSPMAPPTests.swift */; };
		75B3AFCD2AF92D7400A86E48 /* RSimpleSPMAPPUITests.swift in Sources */ = {isa = PBXBuildFile; fileRef = 75B3AFCC2AF92D7400A86E48 /* RSimpleSPMAPPUITests.swift */; };
		75B3AFCF2AF92D7400A86E48 /* RSimpleSPMAPPUITestsLaunchTests.swift in Sources */ = {isa = PBXBuildFile; fileRef = 75B3AFCE2AF92D7400A86E48 /* RSimpleSPMAPPUITestsLaunchTests.swift */; };
/* End PBXBuildFile section */

/* Begin PBXContainerItemProxy section */
		75B3AFBF2AF92D7400A86E48 /* PBXContainerItemProxy */ = {
			isa = PBXContainerItemProxy;
			containerPortal = 75B3AFA02AF92D7300A86E48 /* Project object */;
			proxyType = 1;
			remoteGlobalIDString = 75B3AFA72AF92D7300A86E48;
			remoteInfo = RSimpleSPMAPP;
		};
		75B3AFC92AF92D7400A86E48 /* PBXContainerItemProxy */ = {
			isa = PBXContainerItemProxy;
			containerPortal = 75B3AFA02AF92D7300A86E48 /* Project object */;
			proxyType = 1;
			remoteGlobalIDString = 75B3AFA72AF92D7300A86E48;
			remoteInfo = RSimpleSPMAPP;
		};
/* End PBXContainerItemProxy section */

/* Begin PBXFileReference section */
		75B3AFA82AF92D7300A86E48 /* RSimpleSPMAPP.app */ = {isa = PBXFileReference; explicitFileType = wrapper.application; includeInIndex = 0; path = RSimpleSPMAPP.app; sourceTree = BUILT_PRODUCTS_DIR; };
		75B3AFAB2AF92D7300A86E48 /* AppDelegate.swift */ = {isa = PBXFileReference; lastKnownFileType = sourcecode.swift; path = AppDelegate.swift; sourceTree = "<group>"; };
		75B3AFAD2AF92D7300A86E48 /* SceneDelegate.swift */ = {isa = PBXFileReference; lastKnownFileType = sourcecode.swift; path = SceneDelegate.swift; sourceTree = "<group>"; };
		75B3AFAF2AF92D7300A86E48 /* ViewController.swift */ = {isa = PBXFileReference; lastKnownFileType = sourcecode.swift; path = ViewController.swift; sourceTree = "<group>"; };
		75B3AFB22AF92D7300A86E48 /* Base */ = {isa = PBXFileReference; lastKnownFileType = file.storyboard; name = Base; path = Base.lproj/Main.storyboard; sourceTree = "<group>"; };
		75B3AFB42AF92D7400A86E48 /* Assets.xcassets */ = {isa = PBXFileReference; lastKnownFileType = folder.assetcatalog; path = Assets.xcassets; sourceTree = "<group>"; };
		75B3AFB72AF92D7400A86E48 /* Base */ = {isa = PBXFileReference; lastKnownFileType = file.storyboard; name = Base; path = Base.lproj/LaunchScreen.storyboard; sourceTree = "<group>"; };
		75B3AFB92AF92D7400A86E48 /* Info.plist */ = {isa = PBXFileReference; lastKnownFileType = text.plist.xml; path = Info.plist; sourceTree = "<group>"; };
		75B3AFBE2AF92D7400A86E48 /* RSimpleSPMAPPTests.xctest */ = {isa = PBXFileReference; explicitFileType = wrapper.cfbundle; includeInIndex = 0; path = RSimpleSPMAPPTests.xctest; sourceTree = BUILT_PRODUCTS_DIR; };
		75B3AFC22AF92D7400A86E48 /* RSimpleSPMAPPTests.swift */ = {isa = PBXFileReference; lastKnownFileType = sourcecode.swift; path = RSimpleSPMAPPTests.swift; sourceTree = "<group>"; };
		75B3AFC82AF92D7400A86E48 /* RSimpleSPMAPPUITests.xctest */ = {isa = PBXFileReference; explicitFileType = wrapper.cfbundle; includeInIndex = 0; path = RSimpleSPMAPPUITests.xctest; sourceTree = BUILT_PRODUCTS_DIR; };
		75B3AFCC2AF92D7400A86E48 /* RSimpleSPMAPPUITests.swift */ = {isa = PBXFileReference; lastKnownFileType = sourcecode.swift; path = RSimpleSPMAPPUITests.swift; sourceTree = "<group>"; };
		75B3AFCE2AF92D7400A86E48 /* RSimpleSPMAPPUITestsLaunchTests.swift */ = {isa = PBXFileReference; lastKnownFileType = sourcecode.swift; path = RSimpleSPMAPPUITestsLaunchTests.swift; sourceTree = "<group>"; };
/* End PBXFileReference section */

/* Begin PBXFrameworksBuildPhase section */
		75B3AFA52AF92D7300A86E48 /* Frameworks */ = {
			isa = PBXFrameworksBuildPhase;
			buildActionMask = 2147483647;
			files = (
			);
			runOnlyForDeploymentPostprocessing = 0;
		};
		75B3AFBB2AF92D7400A86E48 /* Frameworks */ = {
			isa = PBXFrameworksBuildPhase;
			buildActionMask = 2147483647;
			files = (
			);
			runOnlyForDeploymentPostprocessing = 0;
		};
		75B3AFC52AF92D7400A86E48 /* Frameworks */ = {
			isa = PBXFrameworksBuildPhase;
			buildActionMask = 2147483647;
			files = (
			);
			runOnlyForDeploymentPostprocessing = 0;
		};
/* End PBXFrameworksBuildPhase section */

/* Begin PBXGroup section */
		75B3AF9F2AF92D7300A86E48 = {
			isa = PBXGroup;
			children = (
				75B3AFAA2AF92D7300A86E48 /* RSimpleSPMAPP */,
				75B3AFC12AF92D7400A86E48 /* RSimpleSPMAPPTests */,
				75B3AFCB2AF92D7400A86E48 /* RSimpleSPMAPPUITests */,
				75B3AFA92AF92D7300A86E48 /* Products */,
			);
			sourceTree = "<group>";
		};
		75B3AFA92AF92D7300A86E48 /* Products */ = {
			isa = PBXGroup;
			children = (
				75B3AFA82AF92D7300A86E48 /* RSimpleSPMAPP.app */,
				75B3AFBE2AF92D7400A86E48 /* RSimpleSPMAPPTests.xctest */,
				75B3AFC82AF92D7400A86E48 /* RSimpleSPMAPPUITests.xctest */,
			);
			name = Products;
			sourceTree = "<group>";
		};
		75B3AFAA2AF92D7300A86E48 /* RSimpleSPMAPP */ = {
			isa = PBXGroup;
			children = (
				75B3AFAB2AF92D7300A86E48 /* AppDelegate.swift */,
				75B3AFAD2AF92D7300A86E48 /* SceneDelegate.swift */,
				75B3AFAF2AF92D7300A86E48 /* ViewController.swift */,
				75B3AFB12AF92D7300A86E48 /* Main.storyboard */,
				75B3AFB42AF92D7400A86E48 /* Assets.xcassets */,
				75B3AFB62AF92D7400A86E48 /* LaunchScreen.storyboard */,
				75B3AFB92AF92D7400A86E48 /* Info.plist */,
			);
			path = RSimpleSPMAPP;
			sourceTree = "<group>";
		};
		75B3AFC12AF92D7400A86E48 /* RSimpleSPMAPPTests */ = {
			isa = PBXGroup;
			children = (
				75B3AFC22AF92D7400A86E48 /* RSimpleSPMAPPTests.swift */,
			);
			path = RSimpleSPMAPPTests;
			sourceTree = "<group>";
		};
		75B3AFCB2AF92D7400A86E48 /* RSimpleSPMAPPUITests */ = {
			isa = PBXGroup;
			children = (
				75B3AFCC2AF92D7400A86E48 /* RSimpleSPMAPPUITests.swift */,
				75B3AFCE2AF92D7400A86E48 /* RSimpleSPMAPPUITestsLaunchTests.swift */,
			);
			path = RSimpleSPMAPPUITests;
			sourceTree = "<group>";
		};
/* End PBXGroup section */

/* Begin PBXNativeTarget section */
		75B3AFA72AF92D7300A86E48 /* RSimpleSPMAPP */ = {
			isa = PBXNativeTarget;
			buildConfigurationList = 75B3AFD22AF92D7400A86E48 /* Build configuration list for PBXNativeTarget "RSimpleSPMAPP" */;
			buildPhases = (
				75B3AFA42AF92D7300A86E48 /* Sources */,
				75B3AFA52AF92D7300A86E48 /* Frameworks */,
				75B3AFA62AF92D7300A86E48 /* Resources */,
			);
			buildRules = (
			);
			dependencies = (
			);
			name = RSimpleSPMAPP;
			productName = RSimpleSPMAPP;
			productReference = 75B3AFA82AF92D7300A86E48 /* RSimpleSPMAPP.app */;
			productType = "com.apple.product-type.application";
		};
		75B3AFBD2AF92D7400A86E48 /* RSimpleSPMAPPTests */ = {
			isa = PBXNativeTarget;
			buildConfigurationList = 75B3AFD52AF92D7400A86E48 /* Build configuration list for PBXNativeTarget "RSimpleSPMAPPTests" */;
			buildPhases = (
				75B3AFBA2AF92D7400A86E48 /* Sources */,
				75B3AFBB2AF92D7400A86E48 /* Frameworks */,
				75B3AFBC2AF92D7400A86E48 /* Resources */,
			);
			buildRules = (
			);
			dependencies = (
				75B3AFC02AF92D7400A86E48 /* PBXTargetDependency */,
			);
			name = RSimpleSPMAPPTests;
			productName = RSimpleSPMAPPTests;
			productReference = 75B3AFBE2AF92D7400A86E48 /* RSimpleSPMAPPTests.xctest */;
			productType = "com.apple.product-type.bundle.unit-test";
		};
		75B3AFC72AF92D7400A86E48 /* RSimpleSPMAPPUITests */ = {
			isa = PBXNativeTarget;
			buildConfigurationList = 75B3AFD82AF92D7400A86E48 /* Build configuration list for PBXNativeTarget "RSimpleSPMAPPUITests" */;
			buildPhases = (
				75B3AFC42AF92D7400A86E48 /* Sources */,
				75B3AFC52AF92D7400A86E48 /* Frameworks */,
				75B3AFC62AF92D7400A86E48 /* Resources */,
			);
			buildRules = (
			);
			dependencies = (
				75B3AFCA2AF92D7400A86E48 /* PBXTargetDependency */,
			);
			name = RSimpleSPMAPPUITests;
			productName = RSimpleSPMAPPUITests;
			productReference = 75B3AFC82AF92D7400A86E48 /* RSimpleSPMAPPUITests.xctest */;
			productType = "com.apple.product-type.bundle.ui-testing";
		};
/* End PBXNativeTarget section */

/* Begin PBXProject section */
		75B3AFA02AF92D7300A86E48 /* Project object */ = {
			isa = PBXProject;
			attributes = {
				BuildIndependentTargetsInParallel = 1;
				LastSwiftUpdateCheck = 1500;
				LastUpgradeCheck = 1500;
				TargetAttributes = {
					75B3AFA72AF92D7300A86E48 = {
						CreatedOnToolsVersion = 15.0.1;
					};
					75B3AFBD2AF92D7400A86E48 = {
						CreatedOnToolsVersion = 15.0.1;
						TestTargetID = 75B3AFA72AF92D7300A86E48;
					};
					75B3AFC72AF92D7400A86E48 = {
						CreatedOnToolsVersion = 15.0.1;
						TestTargetID = 75B3AFA72AF92D7300A86E48;
					};
				};
			};
			buildConfigurationList = 75B3AFA32AF92D7300A86E48 /* Build configuration list for PBXProject "RSimpleSPMAPP" */;
			compatibilityVersion = "Xcode 14.0";
			developmentRegion = en;
			hasScannedForEncodings = 0;
			knownRegions = (
				en,
				Base,
			);
			mainGroup = 75B3AF9F2AF92D7300A86E48;
			productRefGroup = 75B3AFA92AF92D7300A86E48 /* Products */;
			projectDirPath = "";
			projectRoot = "";
			targets = (
				75B3AFA72AF92D7300A86E48 /* RSimpleSPMAPP */,
				75B3AFBD2AF92D7400A86E48 /* RSimpleSPMAPPTests */,
				75B3AFC72AF92D7400A86E48 /* RSimpleSPMAPPUITests */,
			);
		};
/* End PBXProject section */

/* Begin PBXResourcesBuildPhase section */
		75B3AFA62AF92D7300A86E48 /* Resources */ = {
			isa = PBXResourcesBuildPhase;
			buildActionMask = 2147483647;
			files = (
				75B3AFB82AF92D7400A86E48 /* LaunchScreen.storyboard in Resources */,
				75B3AFB52AF92D7400A86E48 /* Assets.xcassets in Resources */,
				75B3AFB32AF92D7300A86E48 /* Main.storyboard in Resources */,
			);
			runOnlyForDeploymentPostprocessing = 0;
		};
		75B3AFBC2AF92D7400A86E48 /* Resources */ = {
			isa = PBXResourcesBuildPhase;
			buildActionMask = 2147483647;
			files = (
			);
			runOnlyForDeploymentPostprocessing = 0;
		};
		75B3AFC62AF92D7400A86E48 /* Resources */ = {
			isa = PBXResourcesBuildPhase;
			buildActionMask = 2147483647;
			files = (
			);
			runOnlyForDeploymentPostprocessing = 0;
		};
/* End PBXResourcesBuildPhase section */

/* Begin PBXSourcesBuildPhase section */
		75B3AFA42AF92D7300A86E48 /* Sources */ = {
			isa = PBXSourcesBuildPhase;
			buildActionMask = 2147483647;
			files = (
				75B3AFB02AF92D7300A86E48 /* ViewController.swift in Sources */,
				75B3AFAC2AF92D7300A86E48 /* AppDelegate.swift in Sources */,
				75B3AFAE2AF92D7300A86E48 /* SceneDelegate.swift in Sources */,
			);
			runOnlyForDeploymentPostprocessing = 0;
		};
		75B3AFBA2AF92D7400A86E48 /* Sources */ = {
			isa = PBXSourcesBuildPhase;
			buildActionMask = 2147483647;
			files = (
				75B3AFC32AF92D7400A86E48 /* RSimpleSPMAPPTests.swift in Sources */,
			);
			runOnlyForDeploymentPostprocessing = 0;
		};
		75B3AFC42AF92D7400A86E48 /* Sources */ = {
			isa = PBXSourcesBuildPhase;
			buildActionMask = 2147483647;
			files = (
				75B3AFCF2AF92D7400A86E48 /* RSimpleSPMAPPUITestsLaunchTests.swift in Sources */,
				75B3AFCD2AF92D7400A86E48 /* RSimpleSPMAPPUITests.swift in Sources */,
			);
			runOnlyForDeploymentPostprocessing = 0;
		};
/* End PBXSourcesBuildPhase section */

/* Begin PBXTargetDependency section */
		75B3AFC02AF92D7400A86E48 /* PBXTargetDependency */ = {
			isa = PBXTargetDependency;
			target = 75B3AFA72AF92D7300A86E48 /* RSimpleSPMAPP */;
			targetProxy = 75B3AFBF2AF92D7400A86E48 /* PBXContainerItemProxy */;
		};
		75B3AFCA2AF92D7400A86E48 /* PBXTargetDependency */ = {
			isa = PBXTargetDependency;
			target = 75B3AFA72AF92D7300A86E48 /* RSimpleSPMAPP */;
			targetProxy = 75B3AFC92AF92D7400A86E48 /* PBXContainerItemProxy */;
		};
/* End PBXTargetDependency section */

/* Begin PBXVariantGroup section */
		75B3AFB12AF92D7300A86E48 /* Main.storyboard */ = {
			isa = PBXVariantGroup;
			children = (
				75B3AFB22AF92D7300A86E48 /* Base */,
			);
			name = Main.storyboard;
			sourceTree = "<group>";
		};
		75B3AFB62AF92D7400A86E48 /* LaunchScreen.storyboard */ = {
			isa = PBXVariantGroup;
			children = (
				75B3AFB72AF92D7400A86E48 /* Base */,
			);
			name = LaunchScreen.storyboard;
			sourceTree = "<group>";
		};
/* End PBXVariantGroup section */

/* Begin XCBuildConfiguration section */
		75B3AFD02AF92D7400A86E48 /* Debug */ = {
			isa = XCBuildConfiguration;
			buildSettings = {
				ALWAYS_SEARCH_USER_PATHS = NO;
				ASSETCATALOG_COMPILER_GENERATE_SWIFT_ASSET_SYMBOL_EXTENSIONS = YES;
				CLANG_ANALYZER_NONNULL = YES;
				CLANG_ANALYZER_NUMBER_OBJECT_CONVERSION = YES_AGGRESSIVE;
				CLANG_CXX_LANGUAGE_STANDARD = "gnu++20";
				CLANG_ENABLE_MODULES = YES;
				CLANG_ENABLE_OBJC_ARC = YES;
				CLANG_ENABLE_OBJC_WEAK = YES;
				CLANG_WARN_BLOCK_CAPTURE_AUTORELEASING = YES;
				CLANG_WARN_BOOL_CONVERSION = YES;
				CLANG_WARN_COMMA = YES;
				CLANG_WARN_CONSTANT_CONVERSION = YES;
				CLANG_WARN_DEPRECATED_OBJC_IMPLEMENTATIONS = YES;
				CLANG_WARN_DIRECT_OBJC_ISA_USAGE = YES_ERROR;
				CLANG_WARN_DOCUMENTATION_COMMENTS = YES;
				CLANG_WARN_EMPTY_BODY = YES;
				CLANG_WARN_ENUM_CONVERSION = YES;
				CLANG_WARN_INFINITE_RECURSION = YES;
				CLANG_WARN_INT_CONVERSION = YES;
				CLANG_WARN_NON_LITERAL_NULL_CONVERSION = YES;
				CLANG_WARN_OBJC_IMPLICIT_RETAIN_SELF = YES;
				CLANG_WARN_OBJC_LITERAL_CONVERSION = YES;
				CLANG_WARN_OBJC_ROOT_CLASS = YES_ERROR;
				CLANG_WARN_QUOTED_INCLUDE_IN_FRAMEWORK_HEADER = YES;
				CLANG_WARN_RANGE_LOOP_ANALYSIS = YES;
				CLANG_WARN_STRICT_PROTOTYPES = YES;
				CLANG_WARN_SUSPICIOUS_MOVE = YES;
				CLANG_WARN_UNGUARDED_AVAILABILITY = YES_AGGRESSIVE;
				CLANG_WARN_UNREACHABLE_CODE = YES;
				CLANG_WARN__DUPLICATE_METHOD_MATCH = YES;
				COPY_PHASE_STRIP = NO;
				DEBUG_INFORMATION_FORMAT = dwarf;
				ENABLE_STRICT_OBJC_MSGSEND = YES;
				ENABLE_TESTABILITY = YES;
				ENABLE_USER_SCRIPT_SANDBOXING = YES;
				GCC_C_LANGUAGE_STANDARD = gnu17;
				GCC_DYNAMIC_NO_PIC = NO;
				GCC_NO_COMMON_BLOCKS = YES;
				GCC_OPTIMIZATION_LEVEL = 0;
				GCC_PREPROCESSOR_DEFINITIONS = (
					"DEBUG=1",
					"$(inherited)",
				);
				GCC_WARN_64_TO_32_BIT_CONVERSION = YES;
				GCC_WARN_ABOUT_RETURN_TYPE = YES_ERROR;
				GCC_WARN_UNDECLARED_SELECTOR = YES;
				GCC_WARN_UNINITIALIZED_AUTOS = YES_AGGRESSIVE;
				GCC_WARN_UNUSED_FUNCTION = YES;
				GCC_WARN_UNUSED_VARIABLE = YES;
				IPHONEOS_DEPLOYMENT_TARGET = 17.0;
				LOCALIZATION_PREFERS_STRING_CATALOGS = YES;
				MTL_ENABLE_DEBUG_INFO = INCLUDE_SOURCE;
				MTL_FAST_MATH = YES;
				ONLY_ACTIVE_ARCH = YES;
				SDKROOT = iphoneos;
				SWIFT_ACTIVE_COMPILATION_CONDITIONS = "DEBUG $(inherited)";
				SWIFT_OPTIMIZATION_LEVEL = "-Onone";
			};
			name = Debug;
		};
		75B3AFD12AF92D7400A86E48 /* Release */ = {
			isa = XCBuildConfiguration;
			buildSettings = {
				ALWAYS_SEARCH_USER_PATHS = NO;
				ASSETCATALOG_COMPILER_GENERATE_SWIFT_ASSET_SYMBOL_EXTENSIONS = YES;
				CLANG_ANALYZER_NONNULL = YES;
				CLANG_ANALYZER_NUMBER_OBJECT_CONVERSION = YES_AGGRESSIVE;
				CLANG_CXX_LANGUAGE_STANDARD = "gnu++20";
				CLANG_ENABLE_MODULES = YES;
				CLANG_ENABLE_OBJC_ARC = YES;
				CLANG_ENABLE_OBJC_WEAK = YES;
				CLANG_WARN_BLOCK_CAPTURE_AUTORELEASING = YES;
				CLANG_WARN_BOOL_CONVERSION = YES;
				CLANG_WARN_COMMA = YES;
				CLANG_WARN_CONSTANT_CONVERSION = YES;
				CLANG_WARN_DEPRECATED_OBJC_IMPLEMENTATIONS = YES;
				CLANG_WARN_DIRECT_OBJC_ISA_USAGE = YES_ERROR;
				CLANG_WARN_DOCUMENTATION_COMMENTS = YES;
				CLANG_WARN_EMPTY_BODY = YES;
				CLANG_WARN_ENUM_CONVERSION = YES;
				CLANG_WARN_INFINITE_RECURSION = YES;
				CLANG_WARN_INT_CONVERSION = YES;
				CLANG_WARN_NON_LITERAL_NULL_CONVERSION = YES;
				CLANG_WARN_OBJC_IMPLICIT_RETAIN_SELF = YES;
				CLANG_WARN_OBJC_LITERAL_CONVERSION = YES;
				CLANG_WARN_OBJC_ROOT_CLASS = YES_ERROR;
				CLANG_WARN_QUOTED_INCLUDE_IN_FRAMEWORK_HEADER = YES;
				CLANG_WARN_RANGE_LOOP_ANALYSIS = YES;
				CLANG_WARN_STRICT_PROTOTYPES = YES;
				CLANG_WARN_SUSPICIOUS_MOVE = YES;
				CLANG_WARN_UNGUARDED_AVAILABILITY = YES_AGGRESSIVE;
				CLANG_WARN_UNREACHABLE_CODE = YES;
				CLANG_WARN__DUPLICATE_METHOD_MATCH = YES;
				COPY_PHASE_STRIP = NO;
				DEBUG_INFORMATION_FORMAT = "dwarf-with-dsym";
				ENABLE_NS_ASSERTIONS = NO;
				ENABLE_STRICT_OBJC_MSGSEND = YES;
				ENABLE_USER_SCRIPT_SANDBOXING = YES;
				GCC_C_LANGUAGE_STANDARD = gnu17;
				GCC_NO_COMMON_BLOCKS = YES;
				GCC_WARN_64_TO_32_BIT_CONVERSION = YES;
				GCC_WARN_ABOUT_RETURN_TYPE = YES_ERROR;
				GCC_WARN_UNDECLARED_SELECTOR = YES;
				GCC_WARN_UNINITIALIZED_AUTOS = YES_AGGRESSIVE;
				GCC_WARN_UNUSED_FUNCTION = YES;
				GCC_WARN_UNUSED_VARIABLE = YES;
				IPHONEOS_DEPLOYMENT_TARGET = 17.0;
				LOCALIZATION_PREFERS_STRING_CATALOGS = YES;
				MTL_ENABLE_DEBUG_INFO = NO;
				MTL_FAST_MATH = YES;
				SDKROOT = iphoneos;
				SWIFT_COMPILATION_MODE = wholemodule;
				VALIDATE_PRODUCT = YES;
			};
			name = Release;
		};
		75B3AFD32AF92D7400A86E48 /* Debug */ = {
			isa = XCBuildConfiguration;
			buildSettings = {
				ASSETCATALOG_COMPILER_APPICON_NAME = AppIcon;
				ASSETCATALOG_COMPILER_GLOBAL_ACCENT_COLOR_NAME = AccentColor;
				CODE_SIGN_STYLE = Automatic;
				CURRENT_PROJECT_VERSION = 1;
				DEVELOPMENT_TEAM = J6DAS32898;
				GENERATE_INFOPLIST_FILE = YES;
				INFOPLIST_FILE = RSimpleSPMAPP/Info.plist;
				INFOPLIST_KEY_UIApplicationSupportsIndirectInputEvents = YES;
				INFOPLIST_KEY_UILaunchStoryboardName = LaunchScreen;
				INFOPLIST_KEY_UIMainStoryboardFile = Main;
				INFOPLIST_KEY_UISupportedInterfaceOrientations_iPad = "UIInterfaceOrientationPortrait UIInterfaceOrientationPortraitUpsideDown UIInterfaceOrientationLandscapeLeft UIInterfaceOrientationLandscapeRight";
				INFOPLIST_KEY_UISupportedInterfaceOrientations_iPhone = "UIInterfaceOrientationPortrait UIInterfaceOrientationLandscapeLeft UIInterfaceOrientationLandscapeRight";
				LD_RUNPATH_SEARCH_PATHS = (
					"$(inherited)",
					"@executable_path/Frameworks",
				);
				MARKETING_VERSION = 1.0;
				PRODUCT_BUNDLE_IDENTIFIER = com.rajesh.RSimpleSPMAPP;
				PRODUCT_NAME = "$(TARGET_NAME)";
				SWIFT_EMIT_LOC_STRINGS = YES;
				SWIFT_VERSION = 5.0;
				TARGETED_DEVICE_FAMILY = "1,2";
			};
			name = Debug;
		};
		75B3AFD42AF92D7400A86E48 /* Release */ = {
			isa = XCBuildConfiguration;
			buildSettings = {
				ASSETCATALOG_COMPILER_APPICON_NAME = AppIcon;
				ASSETCATALOG_COMPILER_GLOBAL_ACCENT_COLOR_NAME = AccentColor;
				CODE_SIGN_STYLE = Automatic;
				CURRENT_PROJECT_VERSION = 1;
				DEVELOPMENT_TEAM = J6DAS32898;
				GENERATE_INFOPLIST_FILE = YES;
				INFOPLIST_FILE = RSimpleSPMAPP/Info.plist;
				INFOPLIST_KEY_UIApplicationSupportsIndirectInputEvents = YES;
				INFOPLIST_KEY_UILaunchStoryboardName = LaunchScreen;
				INFOPLIST_KEY_UIMainStoryboardFile = Main;
				INFOPLIST_KEY_UISupportedInterfaceOrientations_iPad = "UIInterfaceOrientationPortrait UIInterfaceOrientationPortraitUpsideDown UIInterfaceOrientationLandscapeLeft UIInterfaceOrientationLandscapeRight";
				INFOPLIST_KEY_UISupportedInterfaceOrientations_iPhone = "UIInterfaceOrientationPortrait UIInterfaceOrientationLandscapeLeft UIInterfaceOrientationLandscapeRight";
				LD_RUNPATH_SEARCH_PATHS = (
					"$(inherited)",
					"@executable_path/Frameworks",
				);
				MARKETING_VERSION = 1.0;
				PRODUCT_BUNDLE_IDENTIFIER = com.rajesh.RSimpleSPMAPP;
				PRODUCT_NAME = "$(TARGET_NAME)";
				SWIFT_EMIT_LOC_STRINGS = YES;
				SWIFT_VERSION = 5.0;
				TARGETED_DEVICE_FAMILY = "1,2";
			};
			name = Release;
		};
		75B3AFD62AF92D7400A86E48 /* Debug */ = {
			isa = XCBuildConfiguration;
			buildSettings = {
				ALWAYS_EMBED_SWIFT_STANDARD_LIBRARIES = YES;
				BUNDLE_LOADER = "$(TEST_HOST)";
				CODE_SIGN_STYLE = Automatic;
				CURRENT_PROJECT_VERSION = 1;
				DEVELOPMENT_TEAM = J6DAS32898;
				GENERATE_INFOPLIST_FILE = YES;
				IPHONEOS_DEPLOYMENT_TARGET = 17.0;
				MARKETING_VERSION = 1.0;
				PRODUCT_BUNDLE_IDENTIFIER = com.rajesh.RSimpleSPMAPPTests;
				PRODUCT_NAME = "$(TARGET_NAME)";
				SWIFT_EMIT_LOC_STRINGS = NO;
				SWIFT_VERSION = 5.0;
				TARGETED_DEVICE_FAMILY = "1,2";
				TEST_HOST = "$(BUILT_PRODUCTS_DIR)/RSimpleSPMAPP.app/$(BUNDLE_EXECUTABLE_FOLDER_PATH)/RSimpleSPMAPP";
			};
			name = Debug;
		};
		75B3AFD72AF92D7400A86E48 /* Release */ = {
			isa = XCBuildConfiguration;
			buildSettings = {
				ALWAYS_EMBED_SWIFT_STANDARD_LIBRARIES = YES;
				BUNDLE_LOADER = "$(TEST_HOST)";
				CODE_SIGN_STYLE = Automatic;
				CURRENT_PROJECT_VERSION = 1;
				DEVELOPMENT_TEAM = J6DAS32898;
				GENERATE_INFOPLIST_FILE = YES;
				IPHONEOS_DEPLOYMENT_TARGET = 17.0;
				MARKETING_VERSION = 1.0;
				PRODUCT_BUNDLE_IDENTIFIER = com.rajesh.RSimpleSPMAPPTests;
				PRODUCT_NAME = "$(TARGET_NAME)";
				SWIFT_EMIT_LOC_STRINGS = NO;
				SWIFT_VERSION = 5.0;
				TARGETED_DEVICE_FAMILY = "1,2";
				TEST_HOST = "$(BUILT_PRODUCTS_DIR)/RSimpleSPMAPP.app/$(BUNDLE_EXECUTABLE_FOLDER_PATH)/RSimpleSPMAPP";
			};
			name = Release;
		};
		75B3AFD92AF92D7400A86E48 /* Debug */ = {
			isa = XCBuildConfiguration;
			buildSettings = {
				ALWAYS_EMBED_SWIFT_STANDARD_LIBRARIES = YES;
				CODE_SIGN_STYLE = Automatic;
				CURRENT_PROJECT_VERSION = 1;
				DEVELOPMENT_TEAM = J6DAS32898;
				GENERATE_INFOPLIST_FILE = YES;
				MARKETING_VERSION = 1.0;
				PRODUCT_BUNDLE_IDENTIFIER = com.rajesh.RSimpleSPMAPPUITests;
				PRODUCT_NAME = "$(TARGET_NAME)";
				SWIFT_EMIT_LOC_STRINGS = NO;
				SWIFT_VERSION = 5.0;
				TARGETED_DEVICE_FAMILY = "1,2";
				TEST_TARGET_NAME = RSimpleSPMAPP;
			};
			name = Debug;
		};
		75B3AFDA2AF92D7400A86E48 /* Release */ = {
			isa = XCBuildConfiguration;
			buildSettings = {
				ALWAYS_EMBED_SWIFT_STANDARD_LIBRARIES = YES;
				CODE_SIGN_STYLE = Automatic;
				CURRENT_PROJECT_VERSION = 1;
				DEVELOPMENT_TEAM = J6DAS32898;
				GENERATE_INFOPLIST_FILE = YES;
				MARKETING_VERSION = 1.0;
				PRODUCT_BUNDLE_IDENTIFIER = com.rajesh.RSimpleSPMAPPUITests;
				PRODUCT_NAME = "$(TARGET_NAME)";
				SWIFT_EMIT_LOC_STRINGS = NO;
				SWIFT_VERSION = 5.0;
				TARGETED_DEVICE_FAMILY = "1,2";
				TEST_TARGET_NAME = RSimpleSPMAPP;
			};
			name = Release;
		};
/* End XCBuildConfiguration section */

/* Begin XCConfigurationList section */
		75B3AFA32AF92D7300A86E48 /* Build configuration list for PBXProject "RSimpleSPMAPP" */ = {
			isa = XCConfigurationList;
			buildConfigurations = (
				75B3AFD02AF92D7400A86E48 /* Debug */,
				75B3AFD12AF92D7400A86E48 /* Release */,
			);
			defaultConfigurationIsVisible = 0;
			defaultConfigurationName = Release;
		};
		75B3AFD22AF92D7400A86E48 /* Build configuration list for PBXNativeTarget "RSimpleSPMAPP" */ = {
			isa = XCConfigurationList;
			buildConfigurations = (
				75B3AFD32AF92D7400A86E48 /* Debug */,
				75B3AFD42AF92D7400A86E48 /* Release */,
			);
			defaultConfigurationIsVisible = 0;
			defaultConfigurationName = Release;
		};
		75B3AFD52AF92D7400A86E48 /* Build configuration list for PBXNativeTarget "RSimpleSPMAPPTests" */ = {
			isa = XCConfigurationList;
			buildConfigurations = (
				75B3AFD62AF92D7400A86E48 /* Debug */,
				75B3AFD72AF92D7400A86E48 /* Release */,
			);
			defaultConfigurationIsVisible = 0;
			defaultConfigurationName = Release;
		};
		75B3AFD82AF92D7400A86E48 /* Build configuration list for PBXNativeTarget "RSimpleSPMAPPUITests" */ = {
			isa = XCConfigurationList;
			buildConfigurations = (
				75B3AFD92AF92D7400A86E48 /* Debug */,
				75B3AFDA2AF92D7400A86E48 /* Release */,
			);
			defaultConfigurationIsVisible = 0;
			defaultConfigurationName = Release;
		};
/* End XCConfigurationList section */
	};
	rootObject = 75B3AFA02AF92D7300A86E48 /* Project object */;
}
